
Microsoft Visual Studio Solution File, Format Version 12.00
# Visual Studio Version 17
VisualStudioVersion = 17.11.35222.181
MinimumVisualStudioVersion = 10.0.40219.1
Project("{FAE04EC0-301F-11D3-BF4B-00C04F79EFBC}") = "IoTUserService.Domain", "IoTUserService.Domain\IoTUserService.Domain.csproj", "{B1E8A9F6-9F56-417A-9554-594FCCB12C05}"
EndProject
Project("{FAE04EC0-301F-11D3-BF4B-00C04F79EFBC}") = "IoTUserService.Infrastructure", "IoTUserService.Infrastructure\IoTUserService.Infrastructure.csproj", "{2FB6FC04-8E05-466F-BE59-E67B5D00D731}"
EndProject
Project("{FAE04EC0-301F-11D3-BF4B-00C04F79EFBC}") = "IoTUserService.Application", "IoTUserService.Application\IoTUserService.Application.csproj", "{0AB65CB7-118A-49ED-B9E6-0923B9CD0BFE}"
EndProject
Project("{FAE04EC0-301F-11D3-BF4B-00C04F79EFBC}") = "IoTUserService.API", "IoTUserService.API\IoTUserService.API.csproj", "{98479047-83AA-43B0-9B49-4D8587E225F2}"
EndProject
Global
	GlobalSection(SolutionConfigurationPlatforms) = preSolution
		Debug|Any CPU = Debug|Any CPU
		Release|Any CPU = Release|Any CPU
	EndGlobalSection
	GlobalSection(ProjectConfigurationPlatforms) = postSolution
		{B1E8A9F6-9F56-417A-9554-594FCCB12C05}.Debug|Any CPU.ActiveCfg = Debug|Any CPU
		{B1E8A9F6-9F56-417A-9554-594FCCB12C05}.Debug|Any CPU.Build.0 = Debug|Any CPU
		{B1E8A9F6-9F56-417A-9554-594FCCB12C05}.Release|Any CPU.ActiveCfg = Release|Any CPU
		{B1E8A9F6-9F56-417A-9554-594FCCB12C05}.Release|Any CPU.Build.0 = Release|Any CPU
		{2FB6FC04-8E05-466F-BE59-E67B5D00D731}.Debug|Any CPU.ActiveCfg = Debug|Any CPU
		{2FB6FC04-8E05-466F-BE59-E67B5D00D731}.Debug|Any CPU.Build.0 = Debug|Any CPU
		{2FB6FC04-8E05-466F-BE59-E67B5D00D731}.Release|Any CPU.ActiveCfg = Release|Any CPU
		{2FB6FC04-8E05-466F-BE59-E67B5D00D731}.Release|Any CPU.Build.0 = Release|Any CPU
		{0AB65CB7-118A-49ED-B9E6-0923B9CD0BFE}.Debug|Any CPU.ActiveCfg = Debug|Any CPU
		{0AB65CB7-118A-49ED-B9E6-0923B9CD0BFE}.Debug|Any CPU.Build.0 = Debug|Any CPU
		{0AB65CB7-118A-49ED-B9E6-0923B9CD0BFE}.Release|Any CPU.ActiveCfg = Release|Any CPU
		{0AB65CB7-118A-49ED-B9E6-0923B9CD0BFE}.Release|Any CPU.Build.0 = Release|Any CPU
		{98479047-83AA-43B0-9B49-4D8587E225F2}.Debug|Any CPU.ActiveCfg = Debug|Any CPU
		{98479047-83AA-43B0-9B49-4D8587E225F2}.Debug|Any CPU.Build.0 = Debug|Any CPU
		{98479047-83AA-43B0-9B49-4D8587E225F2}.Release|Any CPU.ActiveCfg = Release|Any CPU
		{98479047-83AA-43B0-9B49-4D8587E225F2}.Release|Any CPU.Build.0 = Release|Any CPU
	EndGlobalSection
	GlobalSection(SolutionProperties) = preSolution
		HideSolutionNode = FALSE
	EndGlobalSection
	GlobalSection(ExtensibilityGlobals) = postSolution
		SolutionGuid = {86A1027D-4D36-4AF8-8C41-69AFC311E30F}
	EndGlobalSection
EndGlobal
